
Microsoft Visual Studio Solution File, Format Version 12.00
# Visual Studio Version 17
VisualStudioVersion = 17.1.32210.238
MinimumVisualStudioVersion = 10.0.40219.1
Project("{2150E333-8FDC-42A3-9474-1A3956D46DE8}") = "Core", "Core", "{107BD159-3116-4589-9EC7-5112AA1275A8}"
EndProject
Project("{2150E333-8FDC-42A3-9474-1A3956D46DE8}") = "Infrastructure", "Infrastructure", "{89E01F58-3574-4F31-9F2F-0DF63983F650}"
EndProject
Project("{2150E333-8FDC-42A3-9474-1A3956D46DE8}") = "WebApi", "WebApi", "{6D0546F2-9D62-4DEB-BE18-1FDE53CF6E6B}"
EndProject
Project("{2150E333-8FDC-42A3-9474-1A3956D46DE8}") = "UnitTest", "UnitTest", "{B678B5E7-8CF5-4F76-800E-3C25983CB958}"
EndProject
Project("{9A19103F-16F7-4668-BE54-9A1E7A4F7556}") = "DDM.API.WebApi", "DDM.API.WebApi\DDM.API.WebApi.csproj", "{761A9E1D-895B-424C-A006-E9B0782ECB10}"
	ProjectSection(ProjectDependencies) = postProject
		{0E2F2A36-2001-41A9-AE24-1E5842879766} = {0E2F2A36-2001-41A9-AE24-1E5842879766}
		{888F718C-C0A0-47B8-A7FF-DAF451C5B4B7} = {888F718C-C0A0-47B8-A7FF-DAF451C5B4B7}
		{454F94B5-1967-45B2-82F8-39DFE6960E57} = {454F94B5-1967-45B2-82F8-39DFE6960E57}
		{10EF03D7-F9FE-44D4-BB6B-120F88C38065} = {10EF03D7-F9FE-44D4-BB6B-120F88C38065}
	EndProjectSection
EndProject
Project("{9A19103F-16F7-4668-BE54-9A1E7A4F7556}") = "DDM.API.Infrastructure.Identity", "DDM.API.Infrastructure.Identity\DDM.API.Infrastructure.Identity.csproj", "{454F94B5-1967-45B2-82F8-39DFE6960E57}"
	ProjectSection(ProjectDependencies) = postProject
		{0E2F2A36-2001-41A9-AE24-1E5842879766} = {0E2F2A36-2001-41A9-AE24-1E5842879766}
		{F31AAD6D-F522-4540-9A31-F31349C2B3AF} = {F31AAD6D-F522-4540-9A31-F31349C2B3AF}
	EndProjectSection
EndProject
Project("{9A19103F-16F7-4668-BE54-9A1E7A4F7556}") = "DDM.API.Infrastructure.Persistence", "DDM.API.Infrastructure.Persistence\DDM.API.Infrastructure.Persistence.csproj", "{10EF03D7-F9FE-44D4-BB6B-120F88C38065}"
	ProjectSection(ProjectDependencies) = postProject
		{0E2F2A36-2001-41A9-AE24-1E5842879766} = {0E2F2A36-2001-41A9-AE24-1E5842879766}
		{F31AAD6D-F522-4540-9A31-F31349C2B3AF} = {F31AAD6D-F522-4540-9A31-F31349C2B3AF}
	EndProjectSection
EndProject
Project("{9A19103F-16F7-4668-BE54-9A1E7A4F7556}") = "DDM.API.Infrastructure.Shared", "DDM.API.Infrastructure.Shared\DDM.API.Infrastructure.Shared.csproj", "{888F718C-C0A0-47B8-A7FF-DAF451C5B4B7}"
	ProjectSection(ProjectDependencies) = postProject
		{0E2F2A36-2001-41A9-AE24-1E5842879766} = {0E2F2A36-2001-41A9-AE24-1E5842879766}
	EndProjectSection
EndProject
Project("{9A19103F-16F7-4668-BE54-9A1E7A4F7556}") = "DDM.API.Core.Domain", "DDM.API.Core.Domain\DDM.API.Core.Domain.csproj", "{F31AAD6D-F522-4540-9A31-F31349C2B3AF}"
EndProject
Project("{9A19103F-16F7-4668-BE54-9A1E7A4F7556}") = "DDM.API.Core.Application", "DDM.API.Core.Application\DDM.API.Core.Application.csproj", "{0E2F2A36-2001-41A9-AE24-1E5842879766}"
	ProjectSection(ProjectDependencies) = postProject
		{F31AAD6D-F522-4540-9A31-F31349C2B3AF} = {F31AAD6D-F522-4540-9A31-F31349C2B3AF}
	EndProjectSection
EndProject
Global
	GlobalSection(SolutionConfigurationPlatforms) = preSolution
		Debug|Any CPU = Debug|Any CPU
		Release|Any CPU = Release|Any CPU
	EndGlobalSection
	GlobalSection(ProjectConfigurationPlatforms) = postSolution
		{761A9E1D-895B-424C-A006-E9B0782ECB10}.Debug|Any CPU.ActiveCfg = Debug|Any CPU
		{761A9E1D-895B-424C-A006-E9B0782ECB10}.Debug|Any CPU.Build.0 = Debug|Any CPU
		{761A9E1D-895B-424C-A006-E9B0782ECB10}.Release|Any CPU.ActiveCfg = Release|Any CPU
		{761A9E1D-895B-424C-A006-E9B0782ECB10}.Release|Any CPU.Build.0 = Release|Any CPU
		{454F94B5-1967-45B2-82F8-39DFE6960E57}.Debug|Any CPU.ActiveCfg = Debug|Any CPU
		{454F94B5-1967-45B2-82F8-39DFE6960E57}.Debug|Any CPU.Build.0 = Debug|Any CPU
		{454F94B5-1967-45B2-82F8-39DFE6960E57}.Release|Any CPU.ActiveCfg = Release|Any CPU
		{454F94B5-1967-45B2-82F8-39DFE6960E57}.Release|Any CPU.Build.0 = Release|Any CPU
		{10EF03D7-F9FE-44D4-BB6B-120F88C38065}.Debug|Any CPU.ActiveCfg = Debug|Any CPU
		{10EF03D7-F9FE-44D4-BB6B-120F88C38065}.Debug|Any CPU.Build.0 = Debug|Any CPU
		{10EF03D7-F9FE-44D4-BB6B-120F88C38065}.Release|Any CPU.ActiveCfg = Release|Any CPU
		{10EF03D7-F9FE-44D4-BB6B-120F88C38065}.Release|Any CPU.Build.0 = Release|Any CPU
		{888F718C-C0A0-47B8-A7FF-DAF451C5B4B7}.Debug|Any CPU.ActiveCfg = Debug|Any CPU
		{888F718C-C0A0-47B8-A7FF-DAF451C5B4B7}.Debug|Any CPU.Build.0 = Debug|Any CPU
		{888F718C-C0A0-47B8-A7FF-DAF451C5B4B7}.Release|Any CPU.ActiveCfg = Release|Any CPU
		{888F718C-C0A0-47B8-A7FF-DAF451C5B4B7}.Release|Any CPU.Build.0 = Release|Any CPU
		{F31AAD6D-F522-4540-9A31-F31349C2B3AF}.Debug|Any CPU.ActiveCfg = Debug|Any CPU
		{F31AAD6D-F522-4540-9A31-F31349C2B3AF}.Debug|Any CPU.Build.0 = Debug|Any CPU
		{F31AAD6D-F522-4540-9A31-F31349C2B3AF}.Release|Any CPU.ActiveCfg = Release|Any CPU
		{F31AAD6D-F522-4540-9A31-F31349C2B3AF}.Release|Any CPU.Build.0 = Release|Any CPU
		{0E2F2A36-2001-41A9-AE24-1E5842879766}.Debug|Any CPU.ActiveCfg = Debug|Any CPU
		{0E2F2A36-2001-41A9-AE24-1E5842879766}.Debug|Any CPU.Build.0 = Debug|Any CPU
		{0E2F2A36-2001-41A9-AE24-1E5842879766}.Release|Any CPU.ActiveCfg = Release|Any CPU
		{0E2F2A36-2001-41A9-AE24-1E5842879766}.Release|Any CPU.Build.0 = Release|Any CPU
	EndGlobalSection
	GlobalSection(SolutionProperties) = preSolution
		HideSolutionNode = FALSE
	EndGlobalSection
	GlobalSection(NestedProjects) = preSolution
		{761A9E1D-895B-424C-A006-E9B0782ECB10} = {6D0546F2-9D62-4DEB-BE18-1FDE53CF6E6B}
		{454F94B5-1967-45B2-82F8-39DFE6960E57} = {89E01F58-3574-4F31-9F2F-0DF63983F650}
		{10EF03D7-F9FE-44D4-BB6B-120F88C38065} = {89E01F58-3574-4F31-9F2F-0DF63983F650}
		{888F718C-C0A0-47B8-A7FF-DAF451C5B4B7} = {89E01F58-3574-4F31-9F2F-0DF63983F650}
		{F31AAD6D-F522-4540-9A31-F31349C2B3AF} = {107BD159-3116-4589-9EC7-5112AA1275A8}
		{0E2F2A36-2001-41A9-AE24-1E5842879766} = {107BD159-3116-4589-9EC7-5112AA1275A8}
	EndGlobalSection
	GlobalSection(ExtensibilityGlobals) = postSolution
		SolutionGuid = {D5B39AE5-BA7F-40DC-85CC-F878042D1BAE}
	EndGlobalSection
EndGlobal
